
Microsoft Visual Studio Solution File, Format Version 12.00
# Visual Studio Version 17
VisualStudioVersion = 17.5.002.0
MinimumVisualStudioVersion = 10.0.40219.1
Project("{9A19103F-16F7-4668-BE54-9A1E7A4F7556}") = "Desafio Fast - Fullstack", "Desafio Fast - Fullstack.csproj", "{512AEFCD-EC02-4432-9800-B96D19A9D6E8}"
EndProject
Global
	GlobalSection(SolutionConfigurationPlatforms) = preSolution
		Debug|Any CPU = Debug|Any CPU
		Release|Any CPU = Release|Any CPU
	EndGlobalSection
	GlobalSection(ProjectConfigurationPlatforms) = postSolution
		{512AEFCD-EC02-4432-9800-B96D19A9D6E8}.Debug|Any CPU.ActiveCfg = Debug|Any CPU
		{512AEFCD-EC02-4432-9800-B96D19A9D6E8}.Debug|Any CPU.Build.0 = Debug|Any CPU
		{512AEFCD-EC02-4432-9800-B96D19A9D6E8}.Release|Any CPU.ActiveCfg = Release|Any CPU
		{512AEFCD-EC02-4432-9800-B96D19A9D6E8}.Release|Any CPU.Build.0 = Release|Any CPU
	EndGlobalSection
	GlobalSection(SolutionProperties) = preSolution
		HideSolutionNode = FALSE
	EndGlobalSection
	GlobalSection(ExtensibilityGlobals) = postSolution
		SolutionGuid = {8D13E781-CA5A-4273-BDBC-730AF15C3384}
	EndGlobalSection
EndGlobal
